// !$*UTF8*$!
{
	archiveVersion = 1;
	classes = {
	};
	objectVersion = 48;
	objects = {

/* Begin PBXBuildFile section */
		4D56CCDA200A3E3D0026AB19 /* AppDelegate.swift in Sources */ = {isa = PBXBuildFile; fileRef = 4D56CCD9200A3E3D0026AB19 /* AppDelegate.swift */; };
		4D56CCDC200A3E3D0026AB19 /* ViewController.swift in Sources */ = {isa = PBXBuildFile; fileRef = 4D56CCDB200A3E3D0026AB19 /* ViewController.swift */; };
		4D56CCDF200A3E3D0026AB19 /* Main.storyboard in Resources */ = {isa = PBXBuildFile; fileRef = 4D56CCDD200A3E3D0026AB19 /* Main.storyboard */; };
		4D56CCE1200A3E3D0026AB19 /* Assets.xcassets in Resources */ = {isa = PBXBuildFile; fileRef = 4D56CCE0200A3E3D0026AB19 /* Assets.xcassets */; };
		4D56CCE4200A3E3D0026AB19 /* LaunchScreen.storyboard in Resources */ = {isa = PBXBuildFile; fileRef = 4D56CCE2200A3E3D0026AB19 /* LaunchScreen.storyboard */; };
/* End PBXBuildFile section */

/* Begin PBXFileReference section */
		4D56CCD6200A3E3D0026AB19 /* CloudData.app */ = {isa = PBXFileReference; explicitFileType = wrapper.application; includeInIndex = 0; path = CloudData.app; sourceTree = BUILT_PRODUCTS_DIR; };
		4D56CCD9200A3E3D0026AB19 /* AppDelegate.swift */ = {isa = PBXFileReference; lastKnownFileType = sourcecode.swift; path = AppDelegate.swift; sourceTree = "<group>"; };
		4D56CCDB200A3E3D0026AB19 /* ViewController.swift */ = {isa = PBXFileReference; lastKnownFileType = sourcecode.swift; path = ViewController.swift; sourceTree = "<group>"; };
		4D56CCDE200A3E3D0026AB19 /* Base */ = {isa = PBXFileReference; lastKnownFileType = file.storyboard; name = Base; path = Base.lproj/Main.storyboard; sourceTree = "<group>"; };
		4D56CCE0200A3E3D0026AB19 /* Assets.xcassets */ = {isa = PBXFileReference; lastKnownFileType = folder.assetcatalog; path = Assets.xcassets; sourceTree = "<group>"; };
		4D56CCE3200A3E3D0026AB19 /* Base */ = {isa = PBXFileReference; lastKnownFileType = file.storyboard; name = Base; path = Base.lproj/LaunchScreen.storyboard; sourceTree = "<group>"; };
		4D56CCE5200A3E3D0026AB19 /* Info.plist */ = {isa = PBXFileReference; lastKnownFileType = text.plist.xml; path = Info.plist; sourceTree = "<group>"; };
/* End PBXFileReference section */

/* Begin PBXFrameworksBuildPhase section */
		4D56CCD3200A3E3D0026AB19 /* Frameworks */ = {
			isa = PBXFrameworksBuildPhase;
			buildActionMask = 2147483647;
			files = (
			);
			runOnlyForDeploymentPostprocessing = 0;
		};
/* End PBXFrameworksBuildPhase section */

/* Begin PBXGroup section */
		4D56CCCD200A3E3D0026AB19 = {
			isa = PBXGroup;
			children = (
				4D56CCD8200A3E3D0026AB19 /* CloudData */,
				4D56CCD7200A3E3D0026AB19 /* Products */,
			);
			sourceTree = "<group>";
		};
		4D56CCD7200A3E3D0026AB19 /* Products */ = {
			isa = PBXGroup;
			children = (
				4D56CCD6200A3E3D0026AB19 /* CloudData.app */,
			);
			name = Products;
			sourceTree = "<group>";
		};
		4D56CCD8200A3E3D0026AB19 /* CloudData */ = {
			isa = PBXGroup;
			children = (
				4D56CCD9200A3E3D0026AB19 /* AppDelegate.swift */,
				4D56CCDB200A3E3D0026AB19 /* ViewController.swift */,
				4D56CCDD200A3E3D0026AB19 /* Main.storyboard */,
				4D56CCE0200A3E3D0026AB19 /* Assets.xcassets */,
				4D56CCE2200A3E3D0026AB19 /* LaunchScreen.storyboard */,
				4D56CCE5200A3E3D0026AB19 /* Info.plist */,
			);
			path = CloudData;
			sourceTree = "<group>";
		};
/* End PBXGroup section */

/* Begin PBXNativeTarget section */
		4D56CCD5200A3E3D0026AB19 /* CloudData */ = {
			isa = PBXNativeTarget;
			buildConfigurationList = 4D56CCE8200A3E3D0026AB19 /* Build configuration list for PBXNativeTarget "CloudData" */;
			buildPhases = (
				4D56CCD2200A3E3D0026AB19 /* Sources */,
				4D56CCD3200A3E3D0026AB19 /* Frameworks */,
				4D56CCD4200A3E3D0026AB19 /* Resources */,
			);
			buildRules = (
			);
			dependencies = (
			);
			name = CloudData;
			productName = CloudData;
			productReference = 4D56CCD6200A3E3D0026AB19 /* CloudData.app */;
			productType = "com.apple.product-type.application";
		};
/* End PBXNativeTarget section */

/* Begin PBXProject section */
		4D56CCCE200A3E3D0026AB19 /* Project object */ = {
			isa = PBXProject;
			attributes = {
				LastSwiftUpdateCheck = 0920;
				LastUpgradeCheck = 0920;
				ORGANIZATIONNAME = "Higher Visibility";
				TargetAttributes = {
					4D56CCD5200A3E3D0026AB19 = {
						CreatedOnToolsVersion = 9.2;
						ProvisioningStyle = Automatic;
					};
				};
			};
			buildConfigurationList = 4D56CCD1200A3E3D0026AB19 /* Build configuration list for PBXProject "CloudData" */;
			compatibilityVersion = "Xcode 8.0";
			developmentRegion = en;
			hasScannedForEncodings = 0;
			knownRegions = (
				en,
				Base,
			);
			mainGroup = 4D56CCCD200A3E3D0026AB19;
			productRefGroup = 4D56CCD7200A3E3D0026AB19 /* Products */;
			projectDirPath = "";
			projectRoot = "";
			targets = (
				4D56CCD5200A3E3D0026AB19 /* CloudData */,
			);
		};
/* End PBXProject section */

/* Begin PBXResourcesBuildPhase section */
		4D56CCD4200A3E3D0026AB19 /* Resources */ = {
			isa = PBXResourcesBuildPhase;
			buildActionMask = 2147483647;
			files = (
				4D56CCE4200A3E3D0026AB19 /* LaunchScreen.storyboard in Resources */,
				4D56CCE1200A3E3D0026AB19 /* Assets.xcassets in Resources */,
				4D56CCDF200A3E3D0026AB19 /* Main.storyboard in Resources */,
			);
			runOnlyForDeploymentPostprocessing = 0;
		};
/* End PBXResourcesBuildPhase section */

/* Begin PBXSourcesBuildPhase section */
		4D56CCD2200A3E3D0026AB19 /* Sources */ = {
			isa = PBXSourcesBuildPhase;
			buildActionMask = 2147483647;
			files = (
				4D56CCDC200A3E3D0026AB19 /* ViewController.swift in Sources */,
				4D56CCDA200A3E3D0026AB19 /* AppDelegate.swift in Sources */,
			);
			runOnlyForDeploymentPostprocessing = 0;
		};
/* End PBXSourcesBuildPhase section */

/* Begin PBXVariantGroup section */
		4D56CCDD200A3E3D0026AB19 /* Main.storyboard */ = {
			isa = PBXVariantGroup;
			children = (
				4D56CCDE200A3E3D0026AB19 /* Base */,
			);
			name = Main.storyboard;
			sourceTree = "<group>";
		};
		4D56CCE2200A3E3D0026AB19 /* LaunchScreen.storyboard */ = {
			isa = PBXVariantGroup;
			children = (
				4D56CCE3200A3E3D0026AB19 /* Base */,
			);
			name = LaunchScreen.storyboard;
			sourceTree = "<group>";
		};
/* End PBXVariantGroup section */

/* Begin XCBuildConfiguration section */
		4D56CCE6200A3E3D0026AB19 /* Debug */ = {
			isa = XCBuildConfiguration;
			buildSettings = {
				ALWAYS_SEARCH_USER_PATHS = NO;
				CLANG_ANALYZER_NONNULL = YES;
				CLANG_ANALYZER_NUMBER_OBJECT_CONVERSION = YES_AGGRESSIVE;
				CLANG_CXX_LANGUAGE_STANDARD = "gnu++14";
				CLANG_CXX_LIBRARY = "libc++";
				CLANG_ENABLE_MODULES = YES;
				CLANG_ENABLE_OBJC_ARC = YES;
				CLANG_WARN_BLOCK_CAPTURE_AUTORELEASING = YES;
				CLANG_WARN_BOOL_CONVERSION = YES;
				CLANG_WARN_COMMA = YES;
				CLANG_WARN_CONSTANT_CONVERSION = YES;
				CLANG_WARN_DIRECT_OBJC_ISA_USAGE = YES_ERROR;
				CLANG_WARN_DOCUMENTATION_COMMENTS = YES;
				CLANG_WARN_EMPTY_BODY = YES;
				CLANG_WARN_ENUM_CONVERSION = YES;
				CLANG_WARN_INFINITE_RECURSION = YES;
				CLANG_WARN_INT_CONVERSION = YES;
				CLANG_WARN_NON_LITERAL_NULL_CONVERSION = YES;
				CLANG_WARN_OBJC_LITERAL_CONVERSION = YES;
				CLANG_WARN_OBJC_ROOT_CLASS = YES_ERROR;
				CLANG_WARN_RANGE_LOOP_ANALYSIS = YES;
				CLANG_WARN_STRICT_PROTOTYPES = YES;
				CLANG_WARN_SUSPICIOUS_MOVE = YES;
				CLANG_WARN_UNGUARDED_AVAILABILITY = YES_AGGRESSIVE;
				CLANG_WARN_UNREACHABLE_CODE = YES;
				CLANG_WARN__DUPLICATE_METHOD_MATCH = YES;
				CODE_SIGN_IDENTITY = "iPhone Developer";
				COPY_PHASE_STRIP = NO;
				DEBUG_INFORMATION_FORMAT = dwarf;
				ENABLE_STRICT_OBJC_MSGSEND = YES;
				ENABLE_TESTABILITY = YES;
				GCC_C_LANGUAGE_STANDARD = gnu11;
				GCC_DYNAMIC_NO_PIC = NO;
				GCC_NO_COMMON_BLOCKS = YES;
				GCC_OPTIMIZATION_LEVEL = 0;
				GCC_PREPROCESSOR_DEFINITIONS = (
					"DEBUG=1",
					"$(inherited)",
				);
				GCC_WARN_64_TO_32_BIT_CONVERSION = YES;
				GCC_WARN_ABOUT_RETURN_TYPE = YES_ERROR;
				GCC_WARN_UNDECLARED_SELECTOR = YES;
				GCC_WARN_UNINITIALIZED_AUTOS = YES_AGGRESSIVE;
				GCC_WARN_UNUSED_FUNCTION = YES;
				GCC_WARN_UNUSED_VARIABLE = YES;
				IPHONEOS_DEPLOYMENT_TARGET = 11.2;
				MTL_ENABLE_DEBUG_INFO = YES;
				ONLY_ACTIVE_ARCH = YES;
				SDKROOT = iphoneos;
				SWIFT_ACTIVE_COMPILATION_CONDITIONS = DEBUG;
				SWIFT_OPTIMIZATION_LEVEL = "-Onone";
			};
			name = Debug;
		};
		4D56CCE7200A3E3D0026AB19 /* Release */ = {
			isa = XCBuildConfiguration;
			buildSettings = {
				ALWAYS_SEARCH_USER_PATHS = NO;
				CLANG_ANALYZER_NONNULL = YES;
				CLANG_ANALYZER_NUMBER_OBJECT_CONVERSION = YES_AGGRESSIVE;
				CLANG_CXX_LANGUAGE_STANDARD = "gnu++14";
				CLANG_CXX_LIBRARY = "libc++";
				CLANG_ENABLE_MODULES = YES;
				CLANG_ENABLE_OBJC_ARC = YES;
				CLANG_WARN_BLOCK_CAPTURE_AUTORELEASING = YES;
				CLANG_WARN_BOOL_CONVERSION = YES;
				CLANG_WARN_COMMA = YES;
				CLANG_WARN_CONSTANT_CONVERSION = YES;
				CLANG_WARN_DIRECT_OBJC_ISA_USAGE = YES_ERROR;
				CLANG_WARN_DOCUMENTATION_COMMENTS = YES;
				CLANG_WARN_EMPTY_BODY = YES;
				CLANG_WARN_ENUM_CONVERSION = YES;
				CLANG_WARN_INFINITE_RECURSION = YES;
				CLANG_WARN_INT_CONVERSION = YES;
				CLANG_WARN_NON_LITERAL_NULL_CONVERSION = YES;
				CLANG_WARN_OBJC_LITERAL_CONVERSION = YES;
				CLANG_WARN_OBJC_ROOT_CLASS = YES_ERROR;
				CLANG_WARN_RANGE_LOOP_ANALYSIS = YES;
				CLANG_WARN_STRICT_PROTOTYPES = YES;
				CLANG_WARN_SUSPICIOUS_MOVE = YES;
				CLANG_WARN_UNGUARDED_AVAILABILITY = YES_AGGRESSIVE;
				CLANG_WARN_UNREACHABLE_CODE = YES;
				CLANG_WARN__DUPLICATE_METHOD_MATCH = YES;
				CODE_SIGN_IDENTITY = "iPhone Developer";
				COPY_PHASE_STRIP = NO;
				DEBUG_INFORMATION_FORMAT = "dwarf-with-dsym";
				ENABLE_NS_ASSERTIONS = NO;
				ENABLE_STRICT_OBJC_MSGSEND = YES;
				GCC_C_LANGUAGE_STANDARD = gnu11;
				GCC_NO_COMMON_BLOCKS = YES;
				GCC_WARN_64_TO_32_BIT_CONVERSION = YES;
				GCC_WARN_ABOUT_RETURN_TYPE = YES_ERROR;
				GCC_WARN_UNDECLARED_SELECTOR = YES;
				GCC_WARN_UNINITIALIZED_AUTOS = YES_AGGRESSIVE;
				GCC_WARN_UNUSED_FUNCTION = YES;
				GCC_WARN_UNUSED_VARIABLE = YES;
				IPHONEOS_DEPLOYMENT_TARGET = 11.2;
				MTL_ENABLE_DEBUG_INFO = NO;
				SDKROOT = iphoneos;
				SWIFT_OPTIMIZATION_LEVEL = "-Owholemodule";
				VALIDATE_PRODUCT = YES;
			};
			name = Release;
		};
		4D56CCE9200A3E3D0026AB19 /* Debug */ = {
			isa = XCBuildConfiguration;
			buildSettings = {
				ASSETCATALOG_COMPILER_APPICON_NAME = AppIcon;
				CODE_SIGN_STYLE = Automatic;
				DEVELOPMENT_TEAM = 8GWSL85966;
				INFOPLIST_FILE = CloudData/Info.plist;
				LD_RUNPATH_SEARCH_PATHS = "$(inherited) @executable_path/Frameworks";
				PRODUCT_BUNDLE_IDENTIFIER = com.higherVisibility.CloudData;
				PRODUCT_NAME = "$(TARGET_NAME)";
				SWIFT_VERSION = 4.0;
				TARGETED_DEVICE_FAMILY = "1,2";
			};
			name = Debug;
		};
		4D56CCEA200A3E3D0026AB19 /* Release */ = {
			isa = XCBuildConfiguration;
			buildSettings = {
				ASSETCATALOG_COMPILER_APPICON_NAME = AppIcon;
				CODE_SIGN_STYLE = Automatic;
				DEVELOPMENT_TEAM = 8GWSL85966;
				INFOPLIST_FILE = CloudData/Info.plist;
				LD_RUNPATH_SEARCH_PATHS = "$(inherited) @executable_path/Frameworks";
				PRODUCT_BUNDLE_IDENTIFIER = com.higherVisibility.CloudData;
				PRODUCT_NAME = "$(TARGET_NAME)";
				SWIFT_VERSION = 4.0;
				TARGETED_DEVICE_FAMILY = "1,2";
			};
			name = Release;
		};
/* End XCBuildConfiguration section */

/* Begin XCConfigurationList section */
		4D56CCD1200A3E3D0026AB19 /* Build configuration list for PBXProject "CloudData" */ = {
			isa = XCConfigurationList;
			buildConfigurations = (
				4D56CCE6200A3E3D0026AB19 /* Debug */,
				4D56CCE7200A3E3D0026AB19 /* Release */,
			);
			defaultConfigurationIsVisible = 0;
			defaultConfigurationName = Release;
		};
		4D56CCE8200A3E3D0026AB19 /* Build configuration list for PBXNativeTarget "CloudData" */ = {
			isa = XCConfigurationList;
			buildConfigurations = (
				4D56CCE9200A3E3D0026AB19 /* Debug */,
				4D56CCEA200A3E3D0026AB19 /* Release */,
			);
			defaultConfigurationIsVisible = 0;
			defaultConfigurationName = Release;
		};
/* End XCConfigurationList section */
	};
	rootObject = 4D56CCCE200A3E3D0026AB19 /* Project object */;
}
